
Microsoft Visual Studio Solution File, Format Version 12.00
# Visual Studio Version 17
VisualStudioVersion = 17.4.33213.308
MinimumVisualStudioVersion = 10.0.40219.1
Project("{9A19103F-16F7-4668-BE54-9A1E7A4F7556}") = "FoundationOfLinq", "FoundationOfLinq.csproj", "{51901F07-8B2E-406C-9D68-E62A2C9D98A1}"
EndProject
Project("{9A19103F-16F7-4668-BE54-9A1E7A4F7556}") = "Leetcode.RomanToInteger", "..\Leetcode\Leetcode.RomanToInteger\Leetcode.RomanToInteger.csproj", "{D0E571DD-81BB-4B13-9AFF-2A96EC035102}"
EndProject
Project("{9A19103F-16F7-4668-BE54-9A1E7A4F7556}") = "ExpressionTree", "..\ExpressionTree\ExpressionTree\ExpressionTree.csproj", "{A5C5EE73-DC39-4D45-93FC-4562B61A5A37}"
EndProject
Project("{9A19103F-16F7-4668-BE54-9A1E7A4F7556}") = "Leetcode.AverageofLevelsinBinaryTree", "..\Leetcode\Leetcode.AverageofLevelsinBinaryTree\Leetcode.AverageofLevelsinBinaryTree.csproj", "{29167FE0-C59E-4D64-9CFA-6D14D077C0CE}"
EndProject
Project("{9A19103F-16F7-4668-BE54-9A1E7A4F7556}") = "Leetcode.Fibonacci", "..\Leetcode\Leetcode.Fibonacci\Leetcode.Fibonacci.csproj", "{5948DC70-0F96-4EFC-8EC3-031B8B29E780}"
EndProject
Project("{9A19103F-16F7-4668-BE54-9A1E7A4F7556}") = "Leetcode.LongestCommonPrefix", "..\Leetcode\Leetcode.LongestCommonPrefix\Leetcode.LongestCommonPrefix.csproj", "{046E3050-19AF-4EF4-8F39-0D02195DF5D8}"
EndProject
Project("{9A19103F-16F7-4668-BE54-9A1E7A4F7556}") = "PushBased", "..\PushBased\PushBased.csproj", "{13E0511F-5584-40E0-84FA-DEB0FDBF5FC7}"
EndProject
Project("{9A19103F-16F7-4668-BE54-9A1E7A4F7556}") = "PullBased", "..\PullBased\PullBased.csproj", "{26F50BA0-E23A-4CF4-93F5-E81FCA0A0DE5}"
EndProject
Project("{9A19103F-16F7-4668-BE54-9A1E7A4F7556}") = "Leetcode.PlusOne", "..\Leetcode\Leetcode.PlusOne\Leetcode.PlusOne.csproj", "{53C7A255-D711-4F6B-AA52-28BFCC7BB2BA}"
EndProject
Project("{9A19103F-16F7-4668-BE54-9A1E7A4F7556}") = "Queryable", "..\Queryable\Queryable.csproj", "{568D9C67-BB01-4DB3-9456-7ECC9F597E6A}"
EndProject
Project("{9A19103F-16F7-4668-BE54-9A1E7A4F7556}") = "Leetcode.Sqrt(x)", "..\Leetcode\Leetcode.Sqrt(x)\Leetcode.Sqrt(x).csproj", "{F669A134-AC84-4201-B586-428177F1AFFD}"
EndProject
Project("{9A19103F-16F7-4668-BE54-9A1E7A4F7556}") = "Leetcode.PathSum", "..\Leetcode\Leetcode.PathSum\Leetcode.PathSum.csproj", "{F6DDAAFC-1E84-4A64-8AAD-B21B97062A2F}"
EndProject
Project("{9A19103F-16F7-4668-BE54-9A1E7A4F7556}") = "Leetcode.StringNumber", "..\Leetcode\Leetcode.StringNumber\Leetcode.StringNumber.csproj", "{5F842CEE-C2B8-49DC-B295-98F49708DD2D}"
EndProject
Project("{9A19103F-16F7-4668-BE54-9A1E7A4F7556}") = "Leetcode.HappyNumber", "..\Leetcode\Leetcode.HappyNumber\Leetcode.HappyNumber.csproj", "{51E351DA-4B0A-45B3-9646-7A80A9824522}"
EndProject
Project("{9A19103F-16F7-4668-BE54-9A1E7A4F7556}") = "Leetcode.MaxSubArray", "..\Leetcode\Leetcode.SumMax\Leetcode.MaxSubArray.csproj", "{C29DDFD5-B5D8-4B0D-9B2E-FA74BF23E838}"
EndProject
Project("{9A19103F-16F7-4668-BE54-9A1E7A4F7556}") = "Leetcode.CountWords", "..\Leetcode\Leetcode.CountWords\Leetcode.CountWords.csproj", "{93CA3774-03F8-4DC4-AA9C-3717896A0FA3}"
EndProject
Project("{9A19103F-16F7-4668-BE54-9A1E7A4F7556}") = "Leetcode.FindLuckyIntegerinanArray", "..\Leetcode\Leetcode.FindLuckyIntegerinanArray\Leetcode.FindLuckyIntegerinanArray.csproj", "{564C339E-3AE3-4D42-AEB8-A02B692C38F0}"
EndProject
Project("{9A19103F-16F7-4668-BE54-9A1E7A4F7556}") = "Leetcode.DayoftheYear", "..\Leetcode\Leetcode.DayoftheYear\Leetcode.DayoftheYear.csproj", "{82C4A210-DB10-44C9-B08C-F842501CD162}"
EndProject
Project("{9A19103F-16F7-4668-BE54-9A1E7A4F7556}") = "Leetcode.ConcatenationofArray", "..\Leetcode\Leetcode.ConcatenationofArray\Leetcode.ConcatenationofArray.csproj", "{22274E8C-858D-4BDA-904B-34D3EF72C198}"
EndProject
Project("{9A19103F-16F7-4668-BE54-9A1E7A4F7556}") = "Leetcode.DefanginganIPAddress", "..\Leetcode\Leetcode.DefanginganIPAddress\Leetcode.DefanginganIPAddress.csproj", "{F728BDB0-54C8-4984-8BD5-1B2697DD3345}"
EndProject
Project("{9A19103F-16F7-4668-BE54-9A1E7A4F7556}") = "Leetcode.ShuffletheArray", "..\Leetcode\Leetcode.ShuffletheArray\Leetcode.ShuffletheArray.csproj", "{952C907B-09C3-408C-8A8F-D586815B23A6}"
EndProject
Project("{9A19103F-16F7-4668-BE54-9A1E7A4F7556}") = "Leetcode.PartitioningIntoMinimumNumberOfDeciBinaryNumbers", "..\Leetcode\Leetcode.PartitioningIntoMinimumNumberOfDeciBinaryNumbers\Leetcode.PartitioningIntoMinimumNumberOfDeciBinaryNumbers.csproj", "{352E43DA-C5C0-49A4-83EB-9F48980DE1C8}"
EndProject
Project("{9A19103F-16F7-4668-BE54-9A1E7A4F7556}") = "Leetcode.ReverseString", "..\Leetcode\Leetcode.ReverseString\Leetcode.ReverseString.csproj", "{2BD97878-D8C4-484C-BBC5-ECAD61CDBE20}"
EndProject
Project("{9A19103F-16F7-4668-BE54-9A1E7A4F7556}") = "Leetcode.RichestCustomerWealth", "..\Leetcode\Leetcode.RichestCustomerWealth\Leetcode.RichestCustomerWealth.csproj", "{7DBA611D-C12C-4753-B62F-E55901378313}"
EndProject
Project("{9A19103F-16F7-4668-BE54-9A1E7A4F7556}") = "Leetcode.KidsWiththeGreatestNumberofCandies", "..\Leetcode\Leetcode.KidsWiththeGreatestNumberofCandies\Leetcode.KidsWiththeGreatestNumberofCandies.csproj", "{25335129-5E0F-4ED8-B000-722B637DC783}"
EndProject
Project("{9A19103F-16F7-4668-BE54-9A1E7A4F7556}") = "Leetcode.MaximumNumberofWordsFoundinSentences", "..\Leetcode\Leetcode.MaximumNumberofWordsFoundinSentences\Leetcode.MaximumNumberofWordsFoundinSentences.csproj", "{8A2309AB-BADF-4075-9F26-1947C84A94EC}"
EndProject
Project("{9A19103F-16F7-4668-BE54-9A1E7A4F7556}") = "Leetcode.2160", "..\Leetcode\Leetcode.2160\Leetcode.2160.csproj", "{24AAE76B-7159-470F-AD78-F02B3356241A}"
EndProject
Project("{9A19103F-16F7-4668-BE54-9A1E7A4F7556}") = "Leetcode.1281", "..\Leetcode\Leetcode.1281\Leetcode.1281.csproj", "{F9B0A64E-FD37-4E36-BBC0-47E33AE896B1}"
EndProject
Project("{9A19103F-16F7-4668-BE54-9A1E7A4F7556}") = "Leetcode.1365", "..\Leetcode\Leetcode.1365\Leetcode.1365.csproj", "{283054D0-1DB8-4B2D-817F-AE024E6B6970}"
EndProject
Project("{9A19103F-16F7-4668-BE54-9A1E7A4F7556}") = "Leetcode.1678", "..\Leetcode\Leetcode.1678\Leetcode.1678.csproj", "{C0AFEC24-5EF4-47DE-9335-851416C94F2E}"
EndProject
Project("{9A19103F-16F7-4668-BE54-9A1E7A4F7556}") = "Leetcode.938", "..\Leetcode\Leetcode.938\Leetcode.938.csproj", "{F7858912-9FE4-4FF5-A333-1902801EA2BF}"
EndProject
Project("{9A19103F-16F7-4668-BE54-9A1E7A4F7556}") = "Leetcode.1528", "..\Leetcode\Leetcode.1528\Leetcode.1528.csproj", "{F50E41D0-BC73-4F17-819A-78ED1FA431EA}"
EndProject
Project("{9A19103F-16F7-4668-BE54-9A1E7A4F7556}") = "Leetcode.205", "..\Leetcode\Leetcode.205\Leetcode.205.csproj", "{FC692E46-711F-411D-BFEB-50821ABDC88D}"
EndProject
Project("{9A19103F-16F7-4668-BE54-9A1E7A4F7556}") = "Leetcode.392", "..\Leetcode\Leetcode.392\Leetcode.392.csproj", "{6E0C23C1-EC7A-4EE8-897B-4184F56BDE47}"
EndProject
Project("{9A19103F-16F7-4668-BE54-9A1E7A4F7556}") = "Leetcode.21", "..\Leetcode\Leetcode.21\Leetcode.21.csproj", "{5A2F4179-B74C-4748-9480-10078DDA5ED4}"
EndProject
Project("{9A19103F-16F7-4668-BE54-9A1E7A4F7556}") = "Leetcode.206", "..\Leetcode\Leetcode.206\Leetcode.206.csproj", "{A11AA2C5-A324-4996-8B88-17AC29F8A107}"
EndProject
Project("{9A19103F-16F7-4668-BE54-9A1E7A4F7556}") = "Leetcode.121", "..\Leetcode\Leetcode.121\Leetcode.121.csproj", "{6B6BA4AE-4FBB-45E1-AC20-70180F4A0EB0}"
EndProject
Project("{9A19103F-16F7-4668-BE54-9A1E7A4F7556}") = "Leetcode.409", "..\Leetcode\Leetcode.409\Leetcode.409.csproj", "{B75D66B0-F880-47BB-B86E-0BA289B19E9A}"
EndProject
Project("{9A19103F-16F7-4668-BE54-9A1E7A4F7556}") = "Leetcode.589", "..\Leetcode\Leetcode.589\Leetcode.589.csproj", "{F55C6632-3D9D-424F-AE84-6BF696DC5996}"
EndProject
Project("{9A19103F-16F7-4668-BE54-9A1E7A4F7556}") = "Leetcode.102", "..\Leetcode\Leetcode.102\Leetcode.102.csproj", "{915AE0D6-BA11-427D-B109-6C7B307AA36D}"
EndProject
Project("{9A19103F-16F7-4668-BE54-9A1E7A4F7556}") = "Leetcode.35", "..\Leetcode\Leetcode.35\Leetcode.35.csproj", "{CE5123A4-1949-4B98-A853-B19488F6C7F8}"
EndProject
Project("{9A19103F-16F7-4668-BE54-9A1E7A4F7556}") = "Leetcode.27", "..\Leetcode\Leetcode.27\Leetcode.27.csproj", "{3395F091-8198-4A8E-B925-3212D78CB0F7}"
EndProject
Project("{9A19103F-16F7-4668-BE54-9A1E7A4F7556}") = "Leetcode.20", "..\Leetcode\Leetcode.20\Leetcode.20.csproj", "{86CA5B58-D5D9-4B8D-A0F3-B24BA3AF15DA}"
EndProject
Project("{9A19103F-16F7-4668-BE54-9A1E7A4F7556}") = "Leetcode.26", "..\Leetcode\Leetcode.26\Leetcode.26.csproj", "{9C048242-EEAF-4E6B-B3BB-72602EA94510}"
EndProject
Project("{9A19103F-16F7-4668-BE54-9A1E7A4F7556}") = "Leetcode.28", "..\Leetcode\Leetcode.28\Leetcode.28.csproj", "{BD6E844B-DBEA-4F52-A5DB-8359079FD718}"
EndProject
Project("{9A19103F-16F7-4668-BE54-9A1E7A4F7556}") = "Leetcode.58", "..\Leetcode\Leetcode.58\Leetcode.58.csproj", "{824374DB-EB0C-462A-8C3C-62F4227209B0}"
EndProject
Project("{9A19103F-16F7-4668-BE54-9A1E7A4F7556}") = "Leetcode.67", "..\Leetcode\Leetcode.67\Leetcode.67.csproj", "{03F32DAB-69A0-4E50-BA66-66BCC727283E}"
EndProject
Project("{9A19103F-16F7-4668-BE54-9A1E7A4F7556}") = "Leetcode.70", "..\Leetcode\Leetcode.70\Leetcode.70.csproj", "{EF67578D-1FD8-4BBD-8BB2-9F7EA8FC5E9B}"
EndProject
Project("{9A19103F-16F7-4668-BE54-9A1E7A4F7556}") = "Leetcode.88", "..\Leetcode\Leetcode.88\Leetcode.88.csproj", "{42D39617-9054-4F6F-AC94-486F664D6AA9}"
EndProject
Project("{9A19103F-16F7-4668-BE54-9A1E7A4F7556}") = "Leetcode.136", "..\Leetcode\Leetcode.136\Leetcode.136.csproj", "{D34D93C8-60AF-426B-99F5-CCC6436EA7B0}"
EndProject
Project("{9A19103F-16F7-4668-BE54-9A1E7A4F7556}") = "Leetcode.118", "..\Leetcode\Leetcode.118\Leetcode.118.csproj", "{CD594A80-B408-4A9C-9E6F-D9D92B5C1B46}"
EndProject
Project("{9A19103F-16F7-4668-BE54-9A1E7A4F7556}") = "Leetcode.202", "..\Leetcode\Leetcode.202\Leetcode.202.csproj", "{52E99C33-C220-4B1A-BF15-13B1353363FE}"
EndProject
Project("{9A19103F-16F7-4668-BE54-9A1E7A4F7556}") = "Leetcode.125", "..\Leetcode\Leetcode.125\Leetcode.125.csproj", "{27891C28-3A2D-4DA6-8507-EB85EE290DA0}"
EndProject
Project("{9A19103F-16F7-4668-BE54-9A1E7A4F7556}") = "Leetcode.242", "..\Leetcode\Leetcode.242\Leetcode.242.csproj", "{017BBFC5-E7D0-4C08-8CD3-97735820202D}"
EndProject
Project("{9A19103F-16F7-4668-BE54-9A1E7A4F7556}") = "Leetcode.258", "..\Leetcode\Leetcode.258\Leetcode.258.csproj", "{1F7FF690-1BC4-4828-ACFA-4B72EDBD2B79}"
EndProject
Project("{9A19103F-16F7-4668-BE54-9A1E7A4F7556}") = "Leetcode.263", "..\Leetcode\Leetcode.263\Leetcode.263.csproj", "{11827ECC-4993-48E5-AAC5-E89FD9A08ED0}"
EndProject
Project("{9A19103F-16F7-4668-BE54-9A1E7A4F7556}") = "Leetcode.268", "..\Leetcode\Leetcode.268\Leetcode.268.csproj", "{E0FA9326-2C46-480C-93E9-ED064673374D}"
EndProject
Project("{9A19103F-16F7-4668-BE54-9A1E7A4F7556}") = "Leetcode.2433", "..\Leetcode\Leetcode.2433\Leetcode.2433.csproj", "{C6BD607E-1380-4D2E-882C-D45ADDABF07C}"
EndProject
Project("{9A19103F-16F7-4668-BE54-9A1E7A4F7556}") = "Leetcode.921", "..\Leetcode\Leetcode.921\Leetcode.921.csproj", "{D849C3BE-8582-4FC8-8CD4-C939F3E2386E}"
EndProject
Project("{9A19103F-16F7-4668-BE54-9A1E7A4F7556}") = "Leetcode.1663", "..\Leetcode\Leetcode.1663\Leetcode.1663.csproj", "{8E9C0518-99BB-483C-B5D7-6EA7C813B08C}"
EndProject
Project("{9A19103F-16F7-4668-BE54-9A1E7A4F7556}") = "Leetcode.169", "..\Leetcode\Leetcode.169\Leetcode.169\Leetcode.169.csproj", "{AAD5FCCF-1691-4048-B4D6-280272AFADDE}"
EndProject
Project("{9A19103F-16F7-4668-BE54-9A1E7A4F7556}") = "Leetcode.189", "..\Leetcode\Leetcode.189\Leetcode.189.csproj", "{E4193C71-E6AE-43D0-885E-6409BB2B09AC}"
EndProject
Project("{9A19103F-16F7-4668-BE54-9A1E7A4F7556}") = "Leetcode.122", "..\Leetcode\Leetcode.122\Leetcode.122.csproj", "{65771C5E-A8E7-496F-8979-8074D8D09855}"
EndProject
Project("{9A19103F-16F7-4668-BE54-9A1E7A4F7556}") = "Leetcode.151", "..\Leetcode\Leetcode.151\Leetcode.151.csproj", "{B55369E1-DB29-4E60-98E9-FE686F1C9D65}"
EndProject
Project("{9A19103F-16F7-4668-BE54-9A1E7A4F7556}") = "Leetcode.6", "..\Leetcode\Leetcode.6\Leetcode.6.csproj", "{13D8DD11-7843-42EE-B6B5-084E4820B7A5}"
EndProject
Project("{9A19103F-16F7-4668-BE54-9A1E7A4F7556}") = "Hackerank.DiagonalDifference", "..\Hackerank\Hackerank.DiagonalDifference\Hackerank.DiagonalDifference.csproj", "{B3C7ED3A-C34F-4A6A-B05D-FC484B7E1B04}"
EndProject
Project("{9A19103F-16F7-4668-BE54-9A1E7A4F7556}") = "Leetcode.383", "..\Leetcode\Leetcode.383\Leetcode.383.csproj", "{F39BDEE9-5EF7-49B9-A6E8-668670402755}"
EndProject
Project("{9A19103F-16F7-4668-BE54-9A1E7A4F7556}") = "Leetcode.290", "..\Leetcode\Leetcode.290\Leetcode.290.csproj", "{9F782E2E-98FC-456B-A0F1-7D3DEB349579}"
EndProject
Project("{9A19103F-16F7-4668-BE54-9A1E7A4F7556}") = "Leetcode.1624", "..\Leetcode\Leetcode.1624\Leetcode.1624.csproj", "{53C96D31-B3EE-4D36-9345-5F3AE2BD78C2}"
EndProject
Project("{9A19103F-16F7-4668-BE54-9A1E7A4F7556}") = "Leetcode.219", "..\Leetcode\Leetcode.219\Leetcode.219.csproj", "{1ED766CE-237B-4C8E-8492-0E299128E306}"
EndProject
Project("{9A19103F-16F7-4668-BE54-9A1E7A4F7556}") = "Leetcode.455", "..\Leetcode\Leetcode.455\Leetcode.455.csproj", "{ED7E3446-358D-484B-A4C3-BD51F629F88D}"
EndProject
Project("{9A19103F-16F7-4668-BE54-9A1E7A4F7556}") = "Leetcode.204", "..\Leetcode\Leetcode.204\Leetcode.204.csproj", "{8DBA86E8-7A22-4F1A-827D-D09C9556D395}"
EndProject
Project("{9A19103F-16F7-4668-BE54-9A1E7A4F7556}") = "Leetcode.874", "..\Leetcode\Leetcode.874\Leetcode.874.csproj", "{39ED34B7-D736-411C-9B8C-DEA787F17A3C}"
EndProject
Project("{9A19103F-16F7-4668-BE54-9A1E7A4F7556}") = "Leetcode.2028", "..\Leetcode\Leetcode.2028\Leetcode.2028.csproj", "{2227CE21-4947-45C4-B7C4-30E0F7FCFAAA}"
EndProject
Project("{FAE04EC0-301F-11D3-BF4B-00C04F79EFBC}") = "Leetcode.3217", "..\Leetcode\Leetcode.3217\Leetcode.3217.csproj", "{931B19D5-6D49-4411-AAF0-CEE274C24263}"
EndProject
Global
	GlobalSection(SolutionConfigurationPlatforms) = preSolution
		Debug|Any CPU = Debug|Any CPU
		Release|Any CPU = Release|Any CPU
	EndGlobalSection
	GlobalSection(ProjectConfigurationPlatforms) = postSolution
		{51901F07-8B2E-406C-9D68-E62A2C9D98A1}.Debug|Any CPU.ActiveCfg = Debug|Any CPU
		{51901F07-8B2E-406C-9D68-E62A2C9D98A1}.Debug|Any CPU.Build.0 = Debug|Any CPU
		{51901F07-8B2E-406C-9D68-E62A2C9D98A1}.Release|Any CPU.ActiveCfg = Release|Any CPU
		{51901F07-8B2E-406C-9D68-E62A2C9D98A1}.Release|Any CPU.Build.0 = Release|Any CPU
		{D0E571DD-81BB-4B13-9AFF-2A96EC035102}.Debug|Any CPU.ActiveCfg = Debug|Any CPU
		{D0E571DD-81BB-4B13-9AFF-2A96EC035102}.Debug|Any CPU.Build.0 = Debug|Any CPU
		{D0E571DD-81BB-4B13-9AFF-2A96EC035102}.Release|Any CPU.ActiveCfg = Release|Any CPU
		{D0E571DD-81BB-4B13-9AFF-2A96EC035102}.Release|Any CPU.Build.0 = Release|Any CPU
		{A5C5EE73-DC39-4D45-93FC-4562B61A5A37}.Debug|Any CPU.ActiveCfg = Debug|Any CPU
		{A5C5EE73-DC39-4D45-93FC-4562B61A5A37}.Debug|Any CPU.Build.0 = Debug|Any CPU
		{A5C5EE73-DC39-4D45-93FC-4562B61A5A37}.Release|Any CPU.ActiveCfg = Release|Any CPU
		{A5C5EE73-DC39-4D45-93FC-4562B61A5A37}.Release|Any CPU.Build.0 = Release|Any CPU
		{29167FE0-C59E-4D64-9CFA-6D14D077C0CE}.Debug|Any CPU.ActiveCfg = Debug|Any CPU
		{29167FE0-C59E-4D64-9CFA-6D14D077C0CE}.Debug|Any CPU.Build.0 = Debug|Any CPU
		{29167FE0-C59E-4D64-9CFA-6D14D077C0CE}.Release|Any CPU.ActiveCfg = Release|Any CPU
		{29167FE0-C59E-4D64-9CFA-6D14D077C0CE}.Release|Any CPU.Build.0 = Release|Any CPU
		{5948DC70-0F96-4EFC-8EC3-031B8B29E780}.Debug|Any CPU.ActiveCfg = Debug|Any CPU
		{5948DC70-0F96-4EFC-8EC3-031B8B29E780}.Debug|Any CPU.Build.0 = Debug|Any CPU
		{5948DC70-0F96-4EFC-8EC3-031B8B29E780}.Release|Any CPU.ActiveCfg = Release|Any CPU
		{5948DC70-0F96-4EFC-8EC3-031B8B29E780}.Release|Any CPU.Build.0 = Release|Any CPU
		{046E3050-19AF-4EF4-8F39-0D02195DF5D8}.Debug|Any CPU.ActiveCfg = Debug|Any CPU
		{046E3050-19AF-4EF4-8F39-0D02195DF5D8}.Debug|Any CPU.Build.0 = Debug|Any CPU
		{046E3050-19AF-4EF4-8F39-0D02195DF5D8}.Release|Any CPU.ActiveCfg = Release|Any CPU
		{046E3050-19AF-4EF4-8F39-0D02195DF5D8}.Release|Any CPU.Build.0 = Release|Any CPU
		{13E0511F-5584-40E0-84FA-DEB0FDBF5FC7}.Debug|Any CPU.ActiveCfg = Debug|Any CPU
		{13E0511F-5584-40E0-84FA-DEB0FDBF5FC7}.Debug|Any CPU.Build.0 = Debug|Any CPU
		{13E0511F-5584-40E0-84FA-DEB0FDBF5FC7}.Release|Any CPU.ActiveCfg = Release|Any CPU
		{13E0511F-5584-40E0-84FA-DEB0FDBF5FC7}.Release|Any CPU.Build.0 = Release|Any CPU
		{26F50BA0-E23A-4CF4-93F5-E81FCA0A0DE5}.Debug|Any CPU.ActiveCfg = Debug|Any CPU
		{26F50BA0-E23A-4CF4-93F5-E81FCA0A0DE5}.Debug|Any CPU.Build.0 = Debug|Any CPU
		{26F50BA0-E23A-4CF4-93F5-E81FCA0A0DE5}.Release|Any CPU.ActiveCfg = Release|Any CPU
		{26F50BA0-E23A-4CF4-93F5-E81FCA0A0DE5}.Release|Any CPU.Build.0 = Release|Any CPU
		{53C7A255-D711-4F6B-AA52-28BFCC7BB2BA}.Debug|Any CPU.ActiveCfg = Debug|Any CPU
		{53C7A255-D711-4F6B-AA52-28BFCC7BB2BA}.Debug|Any CPU.Build.0 = Debug|Any CPU
		{53C7A255-D711-4F6B-AA52-28BFCC7BB2BA}.Release|Any CPU.ActiveCfg = Release|Any CPU
		{53C7A255-D711-4F6B-AA52-28BFCC7BB2BA}.Release|Any CPU.Build.0 = Release|Any CPU
		{568D9C67-BB01-4DB3-9456-7ECC9F597E6A}.Debug|Any CPU.ActiveCfg = Debug|Any CPU
		{568D9C67-BB01-4DB3-9456-7ECC9F597E6A}.Debug|Any CPU.Build.0 = Debug|Any CPU
		{568D9C67-BB01-4DB3-9456-7ECC9F597E6A}.Release|Any CPU.ActiveCfg = Release|Any CPU
		{568D9C67-BB01-4DB3-9456-7ECC9F597E6A}.Release|Any CPU.Build.0 = Release|Any CPU
		{F669A134-AC84-4201-B586-428177F1AFFD}.Debug|Any CPU.ActiveCfg = Debug|Any CPU
		{F669A134-AC84-4201-B586-428177F1AFFD}.Debug|Any CPU.Build.0 = Debug|Any CPU
		{F669A134-AC84-4201-B586-428177F1AFFD}.Release|Any CPU.ActiveCfg = Release|Any CPU
		{F669A134-AC84-4201-B586-428177F1AFFD}.Release|Any CPU.Build.0 = Release|Any CPU
		{F6DDAAFC-1E84-4A64-8AAD-B21B97062A2F}.Debug|Any CPU.ActiveCfg = Debug|Any CPU
		{F6DDAAFC-1E84-4A64-8AAD-B21B97062A2F}.Debug|Any CPU.Build.0 = Debug|Any CPU
		{F6DDAAFC-1E84-4A64-8AAD-B21B97062A2F}.Release|Any CPU.ActiveCfg = Release|Any CPU
		{F6DDAAFC-1E84-4A64-8AAD-B21B97062A2F}.Release|Any CPU.Build.0 = Release|Any CPU
		{5F842CEE-C2B8-49DC-B295-98F49708DD2D}.Debug|Any CPU.ActiveCfg = Debug|Any CPU
		{5F842CEE-C2B8-49DC-B295-98F49708DD2D}.Debug|Any CPU.Build.0 = Debug|Any CPU
		{5F842CEE-C2B8-49DC-B295-98F49708DD2D}.Release|Any CPU.ActiveCfg = Release|Any CPU
		{5F842CEE-C2B8-49DC-B295-98F49708DD2D}.Release|Any CPU.Build.0 = Release|Any CPU
		{51E351DA-4B0A-45B3-9646-7A80A9824522}.Debug|Any CPU.ActiveCfg = Debug|Any CPU
		{51E351DA-4B0A-45B3-9646-7A80A9824522}.Debug|Any CPU.Build.0 = Debug|Any CPU
		{51E351DA-4B0A-45B3-9646-7A80A9824522}.Release|Any CPU.ActiveCfg = Release|Any CPU
		{51E351DA-4B0A-45B3-9646-7A80A9824522}.Release|Any CPU.Build.0 = Release|Any CPU
		{C29DDFD5-B5D8-4B0D-9B2E-FA74BF23E838}.Debug|Any CPU.ActiveCfg = Debug|Any CPU
		{C29DDFD5-B5D8-4B0D-9B2E-FA74BF23E838}.Debug|Any CPU.Build.0 = Debug|Any CPU
		{C29DDFD5-B5D8-4B0D-9B2E-FA74BF23E838}.Release|Any CPU.ActiveCfg = Release|Any CPU
		{C29DDFD5-B5D8-4B0D-9B2E-FA74BF23E838}.Release|Any CPU.Build.0 = Release|Any CPU
		{93CA3774-03F8-4DC4-AA9C-3717896A0FA3}.Debug|Any CPU.ActiveCfg = Debug|Any CPU
		{93CA3774-03F8-4DC4-AA9C-3717896A0FA3}.Debug|Any CPU.Build.0 = Debug|Any CPU
		{93CA3774-03F8-4DC4-AA9C-3717896A0FA3}.Release|Any CPU.ActiveCfg = Release|Any CPU
		{93CA3774-03F8-4DC4-AA9C-3717896A0FA3}.Release|Any CPU.Build.0 = Release|Any CPU
		{564C339E-3AE3-4D42-AEB8-A02B692C38F0}.Debug|Any CPU.ActiveCfg = Debug|Any CPU
		{564C339E-3AE3-4D42-AEB8-A02B692C38F0}.Debug|Any CPU.Build.0 = Debug|Any CPU
		{564C339E-3AE3-4D42-AEB8-A02B692C38F0}.Release|Any CPU.ActiveCfg = Release|Any CPU
		{564C339E-3AE3-4D42-AEB8-A02B692C38F0}.Release|Any CPU.Build.0 = Release|Any CPU
		{82C4A210-DB10-44C9-B08C-F842501CD162}.Debug|Any CPU.ActiveCfg = Debug|Any CPU
		{82C4A210-DB10-44C9-B08C-F842501CD162}.Debug|Any CPU.Build.0 = Debug|Any CPU
		{82C4A210-DB10-44C9-B08C-F842501CD162}.Release|Any CPU.ActiveCfg = Release|Any CPU
		{82C4A210-DB10-44C9-B08C-F842501CD162}.Release|Any CPU.Build.0 = Release|Any CPU
		{22274E8C-858D-4BDA-904B-34D3EF72C198}.Debug|Any CPU.ActiveCfg = Debug|Any CPU
		{22274E8C-858D-4BDA-904B-34D3EF72C198}.Debug|Any CPU.Build.0 = Debug|Any CPU
		{22274E8C-858D-4BDA-904B-34D3EF72C198}.Release|Any CPU.ActiveCfg = Release|Any CPU
		{22274E8C-858D-4BDA-904B-34D3EF72C198}.Release|Any CPU.Build.0 = Release|Any CPU
		{F728BDB0-54C8-4984-8BD5-1B2697DD3345}.Debug|Any CPU.ActiveCfg = Debug|Any CPU
		{F728BDB0-54C8-4984-8BD5-1B2697DD3345}.Debug|Any CPU.Build.0 = Debug|Any CPU
		{F728BDB0-54C8-4984-8BD5-1B2697DD3345}.Release|Any CPU.ActiveCfg = Release|Any CPU
		{F728BDB0-54C8-4984-8BD5-1B2697DD3345}.Release|Any CPU.Build.0 = Release|Any CPU
		{952C907B-09C3-408C-8A8F-D586815B23A6}.Debug|Any CPU.ActiveCfg = Debug|Any CPU
		{952C907B-09C3-408C-8A8F-D586815B23A6}.Debug|Any CPU.Build.0 = Debug|Any CPU
		{952C907B-09C3-408C-8A8F-D586815B23A6}.Release|Any CPU.ActiveCfg = Release|Any CPU
		{952C907B-09C3-408C-8A8F-D586815B23A6}.Release|Any CPU.Build.0 = Release|Any CPU
		{352E43DA-C5C0-49A4-83EB-9F48980DE1C8}.Debug|Any CPU.ActiveCfg = Debug|Any CPU
		{352E43DA-C5C0-49A4-83EB-9F48980DE1C8}.Debug|Any CPU.Build.0 = Debug|Any CPU
		{352E43DA-C5C0-49A4-83EB-9F48980DE1C8}.Release|Any CPU.ActiveCfg = Release|Any CPU
		{352E43DA-C5C0-49A4-83EB-9F48980DE1C8}.Release|Any CPU.Build.0 = Release|Any CPU
		{2BD97878-D8C4-484C-BBC5-ECAD61CDBE20}.Debug|Any CPU.ActiveCfg = Debug|Any CPU
		{2BD97878-D8C4-484C-BBC5-ECAD61CDBE20}.Debug|Any CPU.Build.0 = Debug|Any CPU
		{2BD97878-D8C4-484C-BBC5-ECAD61CDBE20}.Release|Any CPU.ActiveCfg = Release|Any CPU
		{2BD97878-D8C4-484C-BBC5-ECAD61CDBE20}.Release|Any CPU.Build.0 = Release|Any CPU
		{7DBA611D-C12C-4753-B62F-E55901378313}.Debug|Any CPU.ActiveCfg = Debug|Any CPU
		{7DBA611D-C12C-4753-B62F-E55901378313}.Debug|Any CPU.Build.0 = Debug|Any CPU
		{7DBA611D-C12C-4753-B62F-E55901378313}.Release|Any CPU.ActiveCfg = Release|Any CPU
		{7DBA611D-C12C-4753-B62F-E55901378313}.Release|Any CPU.Build.0 = Release|Any CPU
		{25335129-5E0F-4ED8-B000-722B637DC783}.Debug|Any CPU.ActiveCfg = Debug|Any CPU
		{25335129-5E0F-4ED8-B000-722B637DC783}.Debug|Any CPU.Build.0 = Debug|Any CPU
		{25335129-5E0F-4ED8-B000-722B637DC783}.Release|Any CPU.ActiveCfg = Release|Any CPU
		{25335129-5E0F-4ED8-B000-722B637DC783}.Release|Any CPU.Build.0 = Release|Any CPU
		{8A2309AB-BADF-4075-9F26-1947C84A94EC}.Debug|Any CPU.ActiveCfg = Debug|Any CPU
		{8A2309AB-BADF-4075-9F26-1947C84A94EC}.Debug|Any CPU.Build.0 = Debug|Any CPU
		{8A2309AB-BADF-4075-9F26-1947C84A94EC}.Release|Any CPU.ActiveCfg = Release|Any CPU
		{8A2309AB-BADF-4075-9F26-1947C84A94EC}.Release|Any CPU.Build.0 = Release|Any CPU
		{24AAE76B-7159-470F-AD78-F02B3356241A}.Debug|Any CPU.ActiveCfg = Debug|Any CPU
		{24AAE76B-7159-470F-AD78-F02B3356241A}.Debug|Any CPU.Build.0 = Debug|Any CPU
		{24AAE76B-7159-470F-AD78-F02B3356241A}.Release|Any CPU.ActiveCfg = Release|Any CPU
		{24AAE76B-7159-470F-AD78-F02B3356241A}.Release|Any CPU.Build.0 = Release|Any CPU
		{F9B0A64E-FD37-4E36-BBC0-47E33AE896B1}.Debug|Any CPU.ActiveCfg = Debug|Any CPU
		{F9B0A64E-FD37-4E36-BBC0-47E33AE896B1}.Debug|Any CPU.Build.0 = Debug|Any CPU
		{F9B0A64E-FD37-4E36-BBC0-47E33AE896B1}.Release|Any CPU.ActiveCfg = Release|Any CPU
		{F9B0A64E-FD37-4E36-BBC0-47E33AE896B1}.Release|Any CPU.Build.0 = Release|Any CPU
		{283054D0-1DB8-4B2D-817F-AE024E6B6970}.Debug|Any CPU.ActiveCfg = Debug|Any CPU
		{283054D0-1DB8-4B2D-817F-AE024E6B6970}.Debug|Any CPU.Build.0 = Debug|Any CPU
		{283054D0-1DB8-4B2D-817F-AE024E6B6970}.Release|Any CPU.ActiveCfg = Release|Any CPU
		{283054D0-1DB8-4B2D-817F-AE024E6B6970}.Release|Any CPU.Build.0 = Release|Any CPU
		{C0AFEC24-5EF4-47DE-9335-851416C94F2E}.Debug|Any CPU.ActiveCfg = Debug|Any CPU
		{C0AFEC24-5EF4-47DE-9335-851416C94F2E}.Debug|Any CPU.Build.0 = Debug|Any CPU
		{C0AFEC24-5EF4-47DE-9335-851416C94F2E}.Release|Any CPU.ActiveCfg = Release|Any CPU
		{C0AFEC24-5EF4-47DE-9335-851416C94F2E}.Release|Any CPU.Build.0 = Release|Any CPU
		{F7858912-9FE4-4FF5-A333-1902801EA2BF}.Debug|Any CPU.ActiveCfg = Debug|Any CPU
		{F7858912-9FE4-4FF5-A333-1902801EA2BF}.Debug|Any CPU.Build.0 = Debug|Any CPU
		{F7858912-9FE4-4FF5-A333-1902801EA2BF}.Release|Any CPU.ActiveCfg = Release|Any CPU
		{F7858912-9FE4-4FF5-A333-1902801EA2BF}.Release|Any CPU.Build.0 = Release|Any CPU
		{F50E41D0-BC73-4F17-819A-78ED1FA431EA}.Debug|Any CPU.ActiveCfg = Debug|Any CPU
		{F50E41D0-BC73-4F17-819A-78ED1FA431EA}.Debug|Any CPU.Build.0 = Debug|Any CPU
		{F50E41D0-BC73-4F17-819A-78ED1FA431EA}.Release|Any CPU.ActiveCfg = Release|Any CPU
		{F50E41D0-BC73-4F17-819A-78ED1FA431EA}.Release|Any CPU.Build.0 = Release|Any CPU
		{FC692E46-711F-411D-BFEB-50821ABDC88D}.Debug|Any CPU.ActiveCfg = Debug|Any CPU
		{FC692E46-711F-411D-BFEB-50821ABDC88D}.Debug|Any CPU.Build.0 = Debug|Any CPU
		{FC692E46-711F-411D-BFEB-50821ABDC88D}.Release|Any CPU.ActiveCfg = Release|Any CPU
		{FC692E46-711F-411D-BFEB-50821ABDC88D}.Release|Any CPU.Build.0 = Release|Any CPU
		{6E0C23C1-EC7A-4EE8-897B-4184F56BDE47}.Debug|Any CPU.ActiveCfg = Debug|Any CPU
		{6E0C23C1-EC7A-4EE8-897B-4184F56BDE47}.Debug|Any CPU.Build.0 = Debug|Any CPU
		{6E0C23C1-EC7A-4EE8-897B-4184F56BDE47}.Release|Any CPU.ActiveCfg = Release|Any CPU
		{6E0C23C1-EC7A-4EE8-897B-4184F56BDE47}.Release|Any CPU.Build.0 = Release|Any CPU
		{5A2F4179-B74C-4748-9480-10078DDA5ED4}.Debug|Any CPU.ActiveCfg = Debug|Any CPU
		{5A2F4179-B74C-4748-9480-10078DDA5ED4}.Debug|Any CPU.Build.0 = Debug|Any CPU
		{5A2F4179-B74C-4748-9480-10078DDA5ED4}.Release|Any CPU.ActiveCfg = Release|Any CPU
		{5A2F4179-B74C-4748-9480-10078DDA5ED4}.Release|Any CPU.Build.0 = Release|Any CPU
		{A11AA2C5-A324-4996-8B88-17AC29F8A107}.Debug|Any CPU.ActiveCfg = Debug|Any CPU
		{A11AA2C5-A324-4996-8B88-17AC29F8A107}.Debug|Any CPU.Build.0 = Debug|Any CPU
		{A11AA2C5-A324-4996-8B88-17AC29F8A107}.Release|Any CPU.ActiveCfg = Release|Any CPU
		{A11AA2C5-A324-4996-8B88-17AC29F8A107}.Release|Any CPU.Build.0 = Release|Any CPU
		{6B6BA4AE-4FBB-45E1-AC20-70180F4A0EB0}.Debug|Any CPU.ActiveCfg = Debug|Any CPU
		{6B6BA4AE-4FBB-45E1-AC20-70180F4A0EB0}.Debug|Any CPU.Build.0 = Debug|Any CPU
		{6B6BA4AE-4FBB-45E1-AC20-70180F4A0EB0}.Release|Any CPU.ActiveCfg = Release|Any CPU
		{6B6BA4AE-4FBB-45E1-AC20-70180F4A0EB0}.Release|Any CPU.Build.0 = Release|Any CPU
		{B75D66B0-F880-47BB-B86E-0BA289B19E9A}.Debug|Any CPU.ActiveCfg = Debug|Any CPU
		{B75D66B0-F880-47BB-B86E-0BA289B19E9A}.Debug|Any CPU.Build.0 = Debug|Any CPU
		{B75D66B0-F880-47BB-B86E-0BA289B19E9A}.Release|Any CPU.ActiveCfg = Release|Any CPU
		{B75D66B0-F880-47BB-B86E-0BA289B19E9A}.Release|Any CPU.Build.0 = Release|Any CPU
		{F55C6632-3D9D-424F-AE84-6BF696DC5996}.Debug|Any CPU.ActiveCfg = Debug|Any CPU
		{F55C6632-3D9D-424F-AE84-6BF696DC5996}.Debug|Any CPU.Build.0 = Debug|Any CPU
		{F55C6632-3D9D-424F-AE84-6BF696DC5996}.Release|Any CPU.ActiveCfg = Release|Any CPU
		{F55C6632-3D9D-424F-AE84-6BF696DC5996}.Release|Any CPU.Build.0 = Release|Any CPU
		{915AE0D6-BA11-427D-B109-6C7B307AA36D}.Debug|Any CPU.ActiveCfg = Debug|Any CPU
		{915AE0D6-BA11-427D-B109-6C7B307AA36D}.Debug|Any CPU.Build.0 = Debug|Any CPU
		{915AE0D6-BA11-427D-B109-6C7B307AA36D}.Release|Any CPU.ActiveCfg = Release|Any CPU
		{915AE0D6-BA11-427D-B109-6C7B307AA36D}.Release|Any CPU.Build.0 = Release|Any CPU
		{CE5123A4-1949-4B98-A853-B19488F6C7F8}.Debug|Any CPU.ActiveCfg = Debug|Any CPU
		{CE5123A4-1949-4B98-A853-B19488F6C7F8}.Debug|Any CPU.Build.0 = Debug|Any CPU
		{CE5123A4-1949-4B98-A853-B19488F6C7F8}.Release|Any CPU.ActiveCfg = Release|Any CPU
		{CE5123A4-1949-4B98-A853-B19488F6C7F8}.Release|Any CPU.Build.0 = Release|Any CPU
		{3395F091-8198-4A8E-B925-3212D78CB0F7}.Debug|Any CPU.ActiveCfg = Debug|Any CPU
		{3395F091-8198-4A8E-B925-3212D78CB0F7}.Debug|Any CPU.Build.0 = Debug|Any CPU
		{3395F091-8198-4A8E-B925-3212D78CB0F7}.Release|Any CPU.ActiveCfg = Release|Any CPU
		{3395F091-8198-4A8E-B925-3212D78CB0F7}.Release|Any CPU.Build.0 = Release|Any CPU
		{86CA5B58-D5D9-4B8D-A0F3-B24BA3AF15DA}.Debug|Any CPU.ActiveCfg = Debug|Any CPU
		{86CA5B58-D5D9-4B8D-A0F3-B24BA3AF15DA}.Debug|Any CPU.Build.0 = Debug|Any CPU
		{86CA5B58-D5D9-4B8D-A0F3-B24BA3AF15DA}.Release|Any CPU.ActiveCfg = Release|Any CPU
		{86CA5B58-D5D9-4B8D-A0F3-B24BA3AF15DA}.Release|Any CPU.Build.0 = Release|Any CPU
		{9C048242-EEAF-4E6B-B3BB-72602EA94510}.Debug|Any CPU.ActiveCfg = Debug|Any CPU
		{9C048242-EEAF-4E6B-B3BB-72602EA94510}.Debug|Any CPU.Build.0 = Debug|Any CPU
		{9C048242-EEAF-4E6B-B3BB-72602EA94510}.Release|Any CPU.ActiveCfg = Release|Any CPU
		{9C048242-EEAF-4E6B-B3BB-72602EA94510}.Release|Any CPU.Build.0 = Release|Any CPU
		{BD6E844B-DBEA-4F52-A5DB-8359079FD718}.Debug|Any CPU.ActiveCfg = Debug|Any CPU
		{BD6E844B-DBEA-4F52-A5DB-8359079FD718}.Debug|Any CPU.Build.0 = Debug|Any CPU
		{BD6E844B-DBEA-4F52-A5DB-8359079FD718}.Release|Any CPU.ActiveCfg = Release|Any CPU
		{BD6E844B-DBEA-4F52-A5DB-8359079FD718}.Release|Any CPU.Build.0 = Release|Any CPU
		{824374DB-EB0C-462A-8C3C-62F4227209B0}.Debug|Any CPU.ActiveCfg = Debug|Any CPU
		{824374DB-EB0C-462A-8C3C-62F4227209B0}.Debug|Any CPU.Build.0 = Debug|Any CPU
		{824374DB-EB0C-462A-8C3C-62F4227209B0}.Release|Any CPU.ActiveCfg = Release|Any CPU
		{824374DB-EB0C-462A-8C3C-62F4227209B0}.Release|Any CPU.Build.0 = Release|Any CPU
		{03F32DAB-69A0-4E50-BA66-66BCC727283E}.Debug|Any CPU.ActiveCfg = Debug|Any CPU
		{03F32DAB-69A0-4E50-BA66-66BCC727283E}.Debug|Any CPU.Build.0 = Debug|Any CPU
		{03F32DAB-69A0-4E50-BA66-66BCC727283E}.Release|Any CPU.ActiveCfg = Release|Any CPU
		{03F32DAB-69A0-4E50-BA66-66BCC727283E}.Release|Any CPU.Build.0 = Release|Any CPU
		{EF67578D-1FD8-4BBD-8BB2-9F7EA8FC5E9B}.Debug|Any CPU.ActiveCfg = Debug|Any CPU
		{EF67578D-1FD8-4BBD-8BB2-9F7EA8FC5E9B}.Debug|Any CPU.Build.0 = Debug|Any CPU
		{EF67578D-1FD8-4BBD-8BB2-9F7EA8FC5E9B}.Release|Any CPU.ActiveCfg = Release|Any CPU
		{EF67578D-1FD8-4BBD-8BB2-9F7EA8FC5E9B}.Release|Any CPU.Build.0 = Release|Any CPU
		{42D39617-9054-4F6F-AC94-486F664D6AA9}.Debug|Any CPU.ActiveCfg = Debug|Any CPU
		{42D39617-9054-4F6F-AC94-486F664D6AA9}.Debug|Any CPU.Build.0 = Debug|Any CPU
		{42D39617-9054-4F6F-AC94-486F664D6AA9}.Release|Any CPU.ActiveCfg = Release|Any CPU
		{42D39617-9054-4F6F-AC94-486F664D6AA9}.Release|Any CPU.Build.0 = Release|Any CPU
		{D34D93C8-60AF-426B-99F5-CCC6436EA7B0}.Debug|Any CPU.ActiveCfg = Debug|Any CPU
		{D34D93C8-60AF-426B-99F5-CCC6436EA7B0}.Debug|Any CPU.Build.0 = Debug|Any CPU
		{D34D93C8-60AF-426B-99F5-CCC6436EA7B0}.Release|Any CPU.ActiveCfg = Release|Any CPU
		{D34D93C8-60AF-426B-99F5-CCC6436EA7B0}.Release|Any CPU.Build.0 = Release|Any CPU
		{CD594A80-B408-4A9C-9E6F-D9D92B5C1B46}.Debug|Any CPU.ActiveCfg = Debug|Any CPU
		{CD594A80-B408-4A9C-9E6F-D9D92B5C1B46}.Debug|Any CPU.Build.0 = Debug|Any CPU
		{CD594A80-B408-4A9C-9E6F-D9D92B5C1B46}.Release|Any CPU.ActiveCfg = Release|Any CPU
		{CD594A80-B408-4A9C-9E6F-D9D92B5C1B46}.Release|Any CPU.Build.0 = Release|Any CPU
		{52E99C33-C220-4B1A-BF15-13B1353363FE}.Debug|Any CPU.ActiveCfg = Debug|Any CPU
		{52E99C33-C220-4B1A-BF15-13B1353363FE}.Debug|Any CPU.Build.0 = Debug|Any CPU
		{52E99C33-C220-4B1A-BF15-13B1353363FE}.Release|Any CPU.ActiveCfg = Release|Any CPU
		{52E99C33-C220-4B1A-BF15-13B1353363FE}.Release|Any CPU.Build.0 = Release|Any CPU
		{27891C28-3A2D-4DA6-8507-EB85EE290DA0}.Debug|Any CPU.ActiveCfg = Debug|Any CPU
		{27891C28-3A2D-4DA6-8507-EB85EE290DA0}.Debug|Any CPU.Build.0 = Debug|Any CPU
		{27891C28-3A2D-4DA6-8507-EB85EE290DA0}.Release|Any CPU.ActiveCfg = Release|Any CPU
		{27891C28-3A2D-4DA6-8507-EB85EE290DA0}.Release|Any CPU.Build.0 = Release|Any CPU
		{017BBFC5-E7D0-4C08-8CD3-97735820202D}.Debug|Any CPU.ActiveCfg = Debug|Any CPU
		{017BBFC5-E7D0-4C08-8CD3-97735820202D}.Debug|Any CPU.Build.0 = Debug|Any CPU
		{017BBFC5-E7D0-4C08-8CD3-97735820202D}.Release|Any CPU.ActiveCfg = Release|Any CPU
		{017BBFC5-E7D0-4C08-8CD3-97735820202D}.Release|Any CPU.Build.0 = Release|Any CPU
		{1F7FF690-1BC4-4828-ACFA-4B72EDBD2B79}.Debug|Any CPU.ActiveCfg = Debug|Any CPU
		{1F7FF690-1BC4-4828-ACFA-4B72EDBD2B79}.Debug|Any CPU.Build.0 = Debug|Any CPU
		{1F7FF690-1BC4-4828-ACFA-4B72EDBD2B79}.Release|Any CPU.ActiveCfg = Release|Any CPU
		{1F7FF690-1BC4-4828-ACFA-4B72EDBD2B79}.Release|Any CPU.Build.0 = Release|Any CPU
		{11827ECC-4993-48E5-AAC5-E89FD9A08ED0}.Debug|Any CPU.ActiveCfg = Debug|Any CPU
		{11827ECC-4993-48E5-AAC5-E89FD9A08ED0}.Debug|Any CPU.Build.0 = Debug|Any CPU
		{11827ECC-4993-48E5-AAC5-E89FD9A08ED0}.Release|Any CPU.ActiveCfg = Release|Any CPU
		{11827ECC-4993-48E5-AAC5-E89FD9A08ED0}.Release|Any CPU.Build.0 = Release|Any CPU
		{E0FA9326-2C46-480C-93E9-ED064673374D}.Debug|Any CPU.ActiveCfg = Debug|Any CPU
		{E0FA9326-2C46-480C-93E9-ED064673374D}.Debug|Any CPU.Build.0 = Debug|Any CPU
		{E0FA9326-2C46-480C-93E9-ED064673374D}.Release|Any CPU.ActiveCfg = Release|Any CPU
		{E0FA9326-2C46-480C-93E9-ED064673374D}.Release|Any CPU.Build.0 = Release|Any CPU
		{C6BD607E-1380-4D2E-882C-D45ADDABF07C}.Debug|Any CPU.ActiveCfg = Debug|Any CPU
		{C6BD607E-1380-4D2E-882C-D45ADDABF07C}.Debug|Any CPU.Build.0 = Debug|Any CPU
		{C6BD607E-1380-4D2E-882C-D45ADDABF07C}.Release|Any CPU.ActiveCfg = Release|Any CPU
		{C6BD607E-1380-4D2E-882C-D45ADDABF07C}.Release|Any CPU.Build.0 = Release|Any CPU
		{D849C3BE-8582-4FC8-8CD4-C939F3E2386E}.Debug|Any CPU.ActiveCfg = Debug|Any CPU
		{D849C3BE-8582-4FC8-8CD4-C939F3E2386E}.Debug|Any CPU.Build.0 = Debug|Any CPU
		{D849C3BE-8582-4FC8-8CD4-C939F3E2386E}.Release|Any CPU.ActiveCfg = Release|Any CPU
		{D849C3BE-8582-4FC8-8CD4-C939F3E2386E}.Release|Any CPU.Build.0 = Release|Any CPU
		{8E9C0518-99BB-483C-B5D7-6EA7C813B08C}.Debug|Any CPU.ActiveCfg = Debug|Any CPU
		{8E9C0518-99BB-483C-B5D7-6EA7C813B08C}.Debug|Any CPU.Build.0 = Debug|Any CPU
		{8E9C0518-99BB-483C-B5D7-6EA7C813B08C}.Release|Any CPU.ActiveCfg = Release|Any CPU
		{8E9C0518-99BB-483C-B5D7-6EA7C813B08C}.Release|Any CPU.Build.0 = Release|Any CPU
		{AAD5FCCF-1691-4048-B4D6-280272AFADDE}.Debug|Any CPU.ActiveCfg = Debug|Any CPU
		{AAD5FCCF-1691-4048-B4D6-280272AFADDE}.Debug|Any CPU.Build.0 = Debug|Any CPU
		{AAD5FCCF-1691-4048-B4D6-280272AFADDE}.Release|Any CPU.ActiveCfg = Release|Any CPU
		{AAD5FCCF-1691-4048-B4D6-280272AFADDE}.Release|Any CPU.Build.0 = Release|Any CPU
		{E4193C71-E6AE-43D0-885E-6409BB2B09AC}.Debug|Any CPU.ActiveCfg = Debug|Any CPU
		{E4193C71-E6AE-43D0-885E-6409BB2B09AC}.Debug|Any CPU.Build.0 = Debug|Any CPU
		{E4193C71-E6AE-43D0-885E-6409BB2B09AC}.Release|Any CPU.ActiveCfg = Release|Any CPU
		{E4193C71-E6AE-43D0-885E-6409BB2B09AC}.Release|Any CPU.Build.0 = Release|Any CPU
		{65771C5E-A8E7-496F-8979-8074D8D09855}.Debug|Any CPU.ActiveCfg = Debug|Any CPU
		{65771C5E-A8E7-496F-8979-8074D8D09855}.Debug|Any CPU.Build.0 = Debug|Any CPU
		{65771C5E-A8E7-496F-8979-8074D8D09855}.Release|Any CPU.ActiveCfg = Release|Any CPU
		{65771C5E-A8E7-496F-8979-8074D8D09855}.Release|Any CPU.Build.0 = Release|Any CPU
		{B55369E1-DB29-4E60-98E9-FE686F1C9D65}.Debug|Any CPU.ActiveCfg = Debug|Any CPU
		{B55369E1-DB29-4E60-98E9-FE686F1C9D65}.Debug|Any CPU.Build.0 = Debug|Any CPU
		{B55369E1-DB29-4E60-98E9-FE686F1C9D65}.Release|Any CPU.ActiveCfg = Release|Any CPU
		{B55369E1-DB29-4E60-98E9-FE686F1C9D65}.Release|Any CPU.Build.0 = Release|Any CPU
		{13D8DD11-7843-42EE-B6B5-084E4820B7A5}.Debug|Any CPU.ActiveCfg = Debug|Any CPU
		{13D8DD11-7843-42EE-B6B5-084E4820B7A5}.Debug|Any CPU.Build.0 = Debug|Any CPU
		{13D8DD11-7843-42EE-B6B5-084E4820B7A5}.Release|Any CPU.ActiveCfg = Release|Any CPU
		{13D8DD11-7843-42EE-B6B5-084E4820B7A5}.Release|Any CPU.Build.0 = Release|Any CPU
		{B3C7ED3A-C34F-4A6A-B05D-FC484B7E1B04}.Debug|Any CPU.ActiveCfg = Debug|Any CPU
		{B3C7ED3A-C34F-4A6A-B05D-FC484B7E1B04}.Debug|Any CPU.Build.0 = Debug|Any CPU
		{B3C7ED3A-C34F-4A6A-B05D-FC484B7E1B04}.Release|Any CPU.ActiveCfg = Release|Any CPU
		{B3C7ED3A-C34F-4A6A-B05D-FC484B7E1B04}.Release|Any CPU.Build.0 = Release|Any CPU
		{F39BDEE9-5EF7-49B9-A6E8-668670402755}.Debug|Any CPU.ActiveCfg = Debug|Any CPU
		{F39BDEE9-5EF7-49B9-A6E8-668670402755}.Debug|Any CPU.Build.0 = Debug|Any CPU
		{F39BDEE9-5EF7-49B9-A6E8-668670402755}.Release|Any CPU.ActiveCfg = Release|Any CPU
		{F39BDEE9-5EF7-49B9-A6E8-668670402755}.Release|Any CPU.Build.0 = Release|Any CPU
		{9F782E2E-98FC-456B-A0F1-7D3DEB349579}.Debug|Any CPU.ActiveCfg = Debug|Any CPU
		{9F782E2E-98FC-456B-A0F1-7D3DEB349579}.Debug|Any CPU.Build.0 = Debug|Any CPU
		{9F782E2E-98FC-456B-A0F1-7D3DEB349579}.Release|Any CPU.ActiveCfg = Release|Any CPU
		{9F782E2E-98FC-456B-A0F1-7D3DEB349579}.Release|Any CPU.Build.0 = Release|Any CPU
		{53C96D31-B3EE-4D36-9345-5F3AE2BD78C2}.Debug|Any CPU.ActiveCfg = Debug|Any CPU
		{53C96D31-B3EE-4D36-9345-5F3AE2BD78C2}.Debug|Any CPU.Build.0 = Debug|Any CPU
		{53C96D31-B3EE-4D36-9345-5F3AE2BD78C2}.Release|Any CPU.ActiveCfg = Release|Any CPU
		{53C96D31-B3EE-4D36-9345-5F3AE2BD78C2}.Release|Any CPU.Build.0 = Release|Any CPU
		{1ED766CE-237B-4C8E-8492-0E299128E306}.Debug|Any CPU.ActiveCfg = Debug|Any CPU
		{1ED766CE-237B-4C8E-8492-0E299128E306}.Debug|Any CPU.Build.0 = Debug|Any CPU
		{1ED766CE-237B-4C8E-8492-0E299128E306}.Release|Any CPU.ActiveCfg = Release|Any CPU
		{1ED766CE-237B-4C8E-8492-0E299128E306}.Release|Any CPU.Build.0 = Release|Any CPU
		{ED7E3446-358D-484B-A4C3-BD51F629F88D}.Debug|Any CPU.ActiveCfg = Debug|Any CPU
		{ED7E3446-358D-484B-A4C3-BD51F629F88D}.Debug|Any CPU.Build.0 = Debug|Any CPU
		{ED7E3446-358D-484B-A4C3-BD51F629F88D}.Release|Any CPU.ActiveCfg = Release|Any CPU
		{ED7E3446-358D-484B-A4C3-BD51F629F88D}.Release|Any CPU.Build.0 = Release|Any CPU
		{8DBA86E8-7A22-4F1A-827D-D09C9556D395}.Debug|Any CPU.ActiveCfg = Debug|Any CPU
		{8DBA86E8-7A22-4F1A-827D-D09C9556D395}.Debug|Any CPU.Build.0 = Debug|Any CPU
		{8DBA86E8-7A22-4F1A-827D-D09C9556D395}.Release|Any CPU.ActiveCfg = Release|Any CPU
		{8DBA86E8-7A22-4F1A-827D-D09C9556D395}.Release|Any CPU.Build.0 = Release|Any CPU
		{39ED34B7-D736-411C-9B8C-DEA787F17A3C}.Debug|Any CPU.ActiveCfg = Debug|Any CPU
		{39ED34B7-D736-411C-9B8C-DEA787F17A3C}.Debug|Any CPU.Build.0 = Debug|Any CPU
		{39ED34B7-D736-411C-9B8C-DEA787F17A3C}.Release|Any CPU.ActiveCfg = Release|Any CPU
		{39ED34B7-D736-411C-9B8C-DEA787F17A3C}.Release|Any CPU.Build.0 = Release|Any CPU
		{2227CE21-4947-45C4-B7C4-30E0F7FCFAAA}.Debug|Any CPU.ActiveCfg = Debug|Any CPU
		{2227CE21-4947-45C4-B7C4-30E0F7FCFAAA}.Debug|Any CPU.Build.0 = Debug|Any CPU
		{2227CE21-4947-45C4-B7C4-30E0F7FCFAAA}.Release|Any CPU.ActiveCfg = Release|Any CPU
		{2227CE21-4947-45C4-B7C4-30E0F7FCFAAA}.Release|Any CPU.Build.0 = Release|Any CPU
		{931B19D5-6D49-4411-AAF0-CEE274C24263}.Debug|Any CPU.ActiveCfg = Debug|Any CPU
		{931B19D5-6D49-4411-AAF0-CEE274C24263}.Debug|Any CPU.Build.0 = Debug|Any CPU
		{931B19D5-6D49-4411-AAF0-CEE274C24263}.Release|Any CPU.ActiveCfg = Release|Any CPU
		{931B19D5-6D49-4411-AAF0-CEE274C24263}.Release|Any CPU.Build.0 = Release|Any CPU
	EndGlobalSection
	GlobalSection(SolutionProperties) = preSolution
		HideSolutionNode = FALSE
	EndGlobalSection
	GlobalSection(ExtensibilityGlobals) = postSolution
		SolutionGuid = {1CBEB6E4-5F37-432E-971F-E5F76DD2D6CA}
	EndGlobalSection
EndGlobal
